// !$*UTF8*$!
{
	archiveVersion = 1;
	classes = {
	};
	objectVersion = 56;
	objects = {

/* Begin PBXBuildFile section */
		E93EEF992C297B1100A9C913 /* NewsViewModel.swift in Sources */ = {isa = PBXBuildFile; fileRef = E93EEF982C297B1100A9C913 /* NewsViewModel.swift */; };
		E93EEF9B2C297B8C00A9C913 /* NewsDTO.swift in Sources */ = {isa = PBXBuildFile; fileRef = E93EEF9A2C297B8C00A9C913 /* NewsDTO.swift */; };
		E9CAE3032C2961BD0069C5AD /* NewsApp.swift in Sources */ = {isa = PBXBuildFile; fileRef = E9CAE3022C2961BD0069C5AD /* NewsApp.swift */; };
		E9CAE3052C2961BD0069C5AD /* NewsView.swift in Sources */ = {isa = PBXBuildFile; fileRef = E9CAE3042C2961BD0069C5AD /* NewsView.swift */; };
		E9CAE3072C2961BE0069C5AD /* Assets.xcassets in Resources */ = {isa = PBXBuildFile; fileRef = E9CAE3062C2961BE0069C5AD /* Assets.xcassets */; };
		FA4CB4662C8DE75D00E81EA3 /* NetworkService.swift in Sources */ = {isa = PBXBuildFile; fileRef = FA4CB4652C8DE75D00E81EA3 /* NetworkService.swift */; };
		FA4CB4712C8DFCC800E81EA3 /* ArticleView.swift in Sources */ = {isa = PBXBuildFile; fileRef = FA4CB4702C8DFCC800E81EA3 /* ArticleView.swift */; };
		FA4CB4732C8E512D00E81EA3 /* Endpoint.swift in Sources */ = {isa = PBXBuildFile; fileRef = FA4CB4722C8E512D00E81EA3 /* Endpoint.swift */; };
		FA4CB4752C8E79D100E81EA3 /* Environment.swift in Sources */ = {isa = PBXBuildFile; fileRef = FA4CB4742C8E79D100E81EA3 /* Environment.swift */; };
		FA4CB4772C8E7AD400E81EA3 /* KeychainService.swift in Sources */ = {isa = PBXBuildFile; fileRef = FA4CB4762C8E7AD400E81EA3 /* KeychainService.swift */; };
/* End PBXBuildFile section */

/* Begin PBXFileReference section */
		E93EEF982C297B1100A9C913 /* NewsViewModel.swift */ = {isa = PBXFileReference; lastKnownFileType = sourcecode.swift; path = NewsViewModel.swift; sourceTree = "<group>"; };
		E93EEF9A2C297B8C00A9C913 /* NewsDTO.swift */ = {isa = PBXFileReference; lastKnownFileType = sourcecode.swift; path = NewsDTO.swift; sourceTree = "<group>"; };
		E9CAE2FF2C2961BD0069C5AD /* NewsApp.app */ = {isa = PBXFileReference; explicitFileType = wrapper.application; includeInIndex = 0; path = NewsApp.app; sourceTree = BUILT_PRODUCTS_DIR; };
		E9CAE3022C2961BD0069C5AD /* NewsApp.swift */ = {isa = PBXFileReference; lastKnownFileType = sourcecode.swift; path = NewsApp.swift; sourceTree = "<group>"; };
		E9CAE3042C2961BD0069C5AD /* NewsView.swift */ = {isa = PBXFileReference; lastKnownFileType = sourcecode.swift; path = NewsView.swift; sourceTree = "<group>"; };
		E9CAE3062C2961BE0069C5AD /* Assets.xcassets */ = {isa = PBXFileReference; lastKnownFileType = folder.assetcatalog; path = Assets.xcassets; sourceTree = "<group>"; };
		FA4CB4652C8DE75D00E81EA3 /* NetworkService.swift */ = {isa = PBXFileReference; lastKnownFileType = sourcecode.swift; path = NetworkService.swift; sourceTree = "<group>"; };
		FA4CB4702C8DFCC800E81EA3 /* ArticleView.swift */ = {isa = PBXFileReference; lastKnownFileType = sourcecode.swift; path = ArticleView.swift; sourceTree = "<group>"; };
		FA4CB4722C8E512D00E81EA3 /* Endpoint.swift */ = {isa = PBXFileReference; lastKnownFileType = sourcecode.swift; path = Endpoint.swift; sourceTree = "<group>"; };
		FA4CB4742C8E79D100E81EA3 /* Environment.swift */ = {isa = PBXFileReference; lastKnownFileType = sourcecode.swift; path = Environment.swift; sourceTree = "<group>"; };
		FA4CB4762C8E7AD400E81EA3 /* KeychainService.swift */ = {isa = PBXFileReference; lastKnownFileType = sourcecode.swift; path = KeychainService.swift; sourceTree = "<group>"; };
/* End PBXFileReference section */

/* Begin PBXFrameworksBuildPhase section */
		E9CAE2FC2C2961BD0069C5AD /* Frameworks */ = {
			isa = PBXFrameworksBuildPhase;
			buildActionMask = 2147483647;
			files = (
			);
			runOnlyForDeploymentPostprocessing = 0;
		};
/* End PBXFrameworksBuildPhase section */

/* Begin PBXGroup section */
		E9CAE2F62C2961BD0069C5AD = {
			isa = PBXGroup;
			children = (
				E9CAE3012C2961BD0069C5AD /* NewsApp */,
				E9CAE3002C2961BD0069C5AD /* Products */,
			);
			sourceTree = "<group>";
		};
		E9CAE3002C2961BD0069C5AD /* Products */ = {
			isa = PBXGroup;
			children = (
				E9CAE2FF2C2961BD0069C5AD /* NewsApp.app */,
			);
			name = Products;
			sourceTree = "<group>";
		};
		E9CAE3012C2961BD0069C5AD /* NewsApp */ = {
			isa = PBXGroup;
			children = (
				E9CAE3022C2961BD0069C5AD /* NewsApp.swift */,
				FA4CB46E2C8DFC5E00E81EA3 /* Common */,
				FA4CB4692C8DF95100E81EA3 /* Scenes */,
				FA4CB4672C8DF8FD00E81EA3 /* Services */,
				FA4CB46C2C8DF9D700E81EA3 /* Domain */,
				FA4CB46A2C8DF96400E81EA3 /* Resouces */,
			);
			path = NewsApp;
			sourceTree = "<group>";
		};
		FA4CB4672C8DF8FD00E81EA3 /* Services */ = {
			isa = PBXGroup;
			children = (
				FA4CB4652C8DE75D00E81EA3 /* NetworkService.swift */,
				FA4CB4762C8E7AD400E81EA3 /* KeychainService.swift */,
			);
			path = Services;
			sourceTree = "<group>";
		};
		FA4CB4692C8DF95100E81EA3 /* Scenes */ = {
			isa = PBXGroup;
			children = (
				FA4CB46B2C8DF99100E81EA3 /* News */,
			);
			path = Scenes;
			sourceTree = "<group>";
		};
		FA4CB46A2C8DF96400E81EA3 /* Resouces */ = {
			isa = PBXGroup;
			children = (
				E9CAE3062C2961BE0069C5AD /* Assets.xcassets */,
			);
			path = Resouces;
			sourceTree = "<group>";
		};
		FA4CB46B2C8DF99100E81EA3 /* News */ = {
			isa = PBXGroup;
			children = (
				FA4CB46F2C8DFC8800E81EA3 /* Views */,
				E93EEF982C297B1100A9C913 /* NewsViewModel.swift */,
			);
			path = News;
			sourceTree = "<group>";
		};
		FA4CB46C2C8DF9D700E81EA3 /* Domain */ = {
			isa = PBXGroup;
			children = (
				FA4CB46D2C8DF9DE00E81EA3 /* DTO */,
			);
			path = Domain;
			sourceTree = "<group>";
		};
		FA4CB46D2C8DF9DE00E81EA3 /* DTO */ = {
			isa = PBXGroup;
			children = (
				E93EEF9A2C297B8C00A9C913 /* NewsDTO.swift */,
			);
			path = DTO;
			sourceTree = "<group>";
		};
		FA4CB46E2C8DFC5E00E81EA3 /* Common */ = {
			isa = PBXGroup;
			children = (
				FA4CB4722C8E512D00E81EA3 /* Endpoint.swift */,
				FA4CB4742C8E79D100E81EA3 /* Environment.swift */,
			);
			path = Common;
			sourceTree = "<group>";
		};
		FA4CB46F2C8DFC8800E81EA3 /* Views */ = {
			isa = PBXGroup;
			children = (
				E9CAE3042C2961BD0069C5AD /* NewsView.swift */,
				FA4CB4702C8DFCC800E81EA3 /* ArticleView.swift */,
			);
			path = Views;
			sourceTree = "<group>";
		};
/* End PBXGroup section */

/* Begin PBXNativeTarget section */
		E9CAE2FE2C2961BD0069C5AD /* NewsApp */ = {
			isa = PBXNativeTarget;
			buildConfigurationList = E9CAE30D2C2961BE0069C5AD /* Build configuration list for PBXNativeTarget "NewsApp" */;
			buildPhases = (
				E9CAE2FB2C2961BD0069C5AD /* Sources */,
				E9CAE2FC2C2961BD0069C5AD /* Frameworks */,
				E9CAE2FD2C2961BD0069C5AD /* Resources */,
			);
			buildRules = (
			);
			dependencies = (
			);
			name = NewsApp;
			productName = NewsApp;
			productReference = E9CAE2FF2C2961BD0069C5AD /* NewsApp.app */;
			productType = "com.apple.product-type.application";
		};
/* End PBXNativeTarget section */

/* Begin PBXProject section */
		E9CAE2F72C2961BD0069C5AD /* Project object */ = {
			isa = PBXProject;
			attributes = {
				BuildIndependentTargetsInParallel = 1;
				LastSwiftUpdateCheck = 1540;
				LastUpgradeCheck = 1540;
				TargetAttributes = {
					E9CAE2FE2C2961BD0069C5AD = {
						CreatedOnToolsVersion = 15.4;
					};
				};
			};
			buildConfigurationList = E9CAE2FA2C2961BD0069C5AD /* Build configuration list for PBXProject "NewsApp" */;
			compatibilityVersion = "Xcode 14.0";
			developmentRegion = en;
			hasScannedForEncodings = 0;
			knownRegions = (
				en,
				Base,
			);
			mainGroup = E9CAE2F62C2961BD0069C5AD;
			productRefGroup = E9CAE3002C2961BD0069C5AD /* Products */;
			projectDirPath = "";
			projectRoot = "";
			targets = (
				E9CAE2FE2C2961BD0069C5AD /* NewsApp */,
			);
		};
/* End PBXProject section */

/* Begin PBXResourcesBuildPhase section */
		E9CAE2FD2C2961BD0069C5AD /* Resources */ = {
			isa = PBXResourcesBuildPhase;
			buildActionMask = 2147483647;
			files = (
				E9CAE3072C2961BE0069C5AD /* Assets.xcassets in Resources */,
			);
			runOnlyForDeploymentPostprocessing = 0;
		};
/* End PBXResourcesBuildPhase section */

/* Begin PBXSourcesBuildPhase section */
		E9CAE2FB2C2961BD0069C5AD /* Sources */ = {
			isa = PBXSourcesBuildPhase;
			buildActionMask = 2147483647;
			files = (
				FA4CB4752C8E79D100E81EA3 /* Environment.swift in Sources */,
				E93EEF9B2C297B8C00A9C913 /* NewsDTO.swift in Sources */,
				E9CAE3052C2961BD0069C5AD /* NewsView.swift in Sources */,
				E93EEF992C297B1100A9C913 /* NewsViewModel.swift in Sources */,
				FA4CB4732C8E512D00E81EA3 /* Endpoint.swift in Sources */,
				FA4CB4772C8E7AD400E81EA3 /* KeychainService.swift in Sources */,
				FA4CB4662C8DE75D00E81EA3 /* NetworkService.swift in Sources */,
				FA4CB4712C8DFCC800E81EA3 /* ArticleView.swift in Sources */,
				E9CAE3032C2961BD0069C5AD /* NewsApp.swift in Sources */,
			);
			runOnlyForDeploymentPostprocessing = 0;
		};
/* End PBXSourcesBuildPhase section */

/* Begin XCBuildConfiguration section */
		E9CAE30B2C2961BE0069C5AD /* Debug */ = {
			isa = XCBuildConfiguration;
			buildSettings = {
				ALWAYS_SEARCH_USER_PATHS = NO;
				ASSETCATALOG_COMPILER_GENERATE_SWIFT_ASSET_SYMBOL_EXTENSIONS = YES;
				CLANG_ANALYZER_NONNULL = YES;
				CLANG_ANALYZER_NUMBER_OBJECT_CONVERSION = YES_AGGRESSIVE;
				CLANG_CXX_LANGUAGE_STANDARD = "gnu++20";
				CLANG_ENABLE_MODULES = YES;
				CLANG_ENABLE_OBJC_ARC = YES;
				CLANG_ENABLE_OBJC_WEAK = YES;
				CLANG_WARN_BLOCK_CAPTURE_AUTORELEASING = YES;
				CLANG_WARN_BOOL_CONVERSION = YES;
				CLANG_WARN_COMMA = YES;
				CLANG_WARN_CONSTANT_CONVERSION = YES;
				CLANG_WARN_DEPRECATED_OBJC_IMPLEMENTATIONS = YES;
				CLANG_WARN_DIRECT_OBJC_ISA_USAGE = YES_ERROR;
				CLANG_WARN_DOCUMENTATION_COMMENTS = YES;
				CLANG_WARN_EMPTY_BODY = YES;
				CLANG_WARN_ENUM_CONVERSION = YES;
				CLANG_WARN_INFINITE_RECURSION = YES;
				CLANG_WARN_INT_CONVERSION = YES;
				CLANG_WARN_NON_LITERAL_NULL_CONVERSION = YES;
				CLANG_WARN_OBJC_IMPLICIT_RETAIN_SELF = YES;
				CLANG_WARN_OBJC_LITERAL_CONVERSION = YES;
				CLANG_WARN_OBJC_ROOT_CLASS = YES_ERROR;
				CLANG_WARN_QUOTED_INCLUDE_IN_FRAMEWORK_HEADER = YES;
				CLANG_WARN_RANGE_LOOP_ANALYSIS = YES;
				CLANG_WARN_STRICT_PROTOTYPES = YES;
				CLANG_WARN_SUSPICIOUS_MOVE = YES;
				CLANG_WARN_UNGUARDED_AVAILABILITY = YES_AGGRESSIVE;
				CLANG_WARN_UNREACHABLE_CODE = YES;
				CLANG_WARN__DUPLICATE_METHOD_MATCH = YES;
				COPY_PHASE_STRIP = NO;
				DEBUG_INFORMATION_FORMAT = dwarf;
				ENABLE_STRICT_OBJC_MSGSEND = YES;
				ENABLE_TESTABILITY = YES;
				ENABLE_USER_SCRIPT_SANDBOXING = YES;
				GCC_C_LANGUAGE_STANDARD = gnu17;
				GCC_DYNAMIC_NO_PIC = NO;
				GCC_NO_COMMON_BLOCKS = YES;
				GCC_OPTIMIZATION_LEVEL = 0;
				GCC_PREPROCESSOR_DEFINITIONS = (
					"DEBUG=1",
					"$(inherited)",
				);
				GCC_WARN_64_TO_32_BIT_CONVERSION = YES;
				GCC_WARN_ABOUT_RETURN_TYPE = YES_ERROR;
				GCC_WARN_UNDECLARED_SELECTOR = YES;
				GCC_WARN_UNINITIALIZED_AUTOS = YES_AGGRESSIVE;
				GCC_WARN_UNUSED_FUNCTION = YES;
				GCC_WARN_UNUSED_VARIABLE = YES;
				IPHONEOS_DEPLOYMENT_TARGET = 17.5;
				LOCALIZATION_PREFERS_STRING_CATALOGS = YES;
				MTL_ENABLE_DEBUG_INFO = INCLUDE_SOURCE;
				MTL_FAST_MATH = YES;
				ONLY_ACTIVE_ARCH = YES;
				SDKROOT = iphoneos;
				SWIFT_ACTIVE_COMPILATION_CONDITIONS = "DEBUG $(inherited)";
				SWIFT_OPTIMIZATION_LEVEL = "-Onone";
			};
			name = Debug;
		};
		E9CAE30C2C2961BE0069C5AD /* Release */ = {
			isa = XCBuildConfiguration;
			buildSettings = {
				ALWAYS_SEARCH_USER_PATHS = NO;
				ASSETCATALOG_COMPILER_GENERATE_SWIFT_ASSET_SYMBOL_EXTENSIONS = YES;
				CLANG_ANALYZER_NONNULL = YES;
				CLANG_ANALYZER_NUMBER_OBJECT_CONVERSION = YES_AGGRESSIVE;
				CLANG_CXX_LANGUAGE_STANDARD = "gnu++20";
				CLANG_ENABLE_MODULES = YES;
				CLANG_ENABLE_OBJC_ARC = YES;
				CLANG_ENABLE_OBJC_WEAK = YES;
				CLANG_WARN_BLOCK_CAPTURE_AUTORELEASING = YES;
				CLANG_WARN_BOOL_CONVERSION = YES;
				CLANG_WARN_COMMA = YES;
				CLANG_WARN_CONSTANT_CONVERSION = YES;
				CLANG_WARN_DEPRECATED_OBJC_IMPLEMENTATIONS = YES;
				CLANG_WARN_DIRECT_OBJC_ISA_USAGE = YES_ERROR;
				CLANG_WARN_DOCUMENTATION_COMMENTS = YES;
				CLANG_WARN_EMPTY_BODY = YES;
				CLANG_WARN_ENUM_CONVERSION = YES;
				CLANG_WARN_INFINITE_RECURSION = YES;
				CLANG_WARN_INT_CONVERSION = YES;
				CLANG_WARN_NON_LITERAL_NULL_CONVERSION = YES;
				CLANG_WARN_OBJC_IMPLICIT_RETAIN_SELF = YES;
				CLANG_WARN_OBJC_LITERAL_CONVERSION = YES;
				CLANG_WARN_OBJC_ROOT_CLASS = YES_ERROR;
				CLANG_WARN_QUOTED_INCLUDE_IN_FRAMEWORK_HEADER = YES;
				CLANG_WARN_RANGE_LOOP_ANALYSIS = YES;
				CLANG_WARN_STRICT_PROTOTYPES = YES;
				CLANG_WARN_SUSPICIOUS_MOVE = YES;
				CLANG_WARN_UNGUARDED_AVAILABILITY = YES_AGGRESSIVE;
				CLANG_WARN_UNREACHABLE_CODE = YES;
				CLANG_WARN__DUPLICATE_METHOD_MATCH = YES;
				COPY_PHASE_STRIP = NO;
				DEBUG_INFORMATION_FORMAT = "dwarf-with-dsym";
				ENABLE_NS_ASSERTIONS = NO;
				ENABLE_STRICT_OBJC_MSGSEND = YES;
				ENABLE_USER_SCRIPT_SANDBOXING = YES;
				GCC_C_LANGUAGE_STANDARD = gnu17;
				GCC_NO_COMMON_BLOCKS = YES;
				GCC_WARN_64_TO_32_BIT_CONVERSION = YES;
				GCC_WARN_ABOUT_RETURN_TYPE = YES_ERROR;
				GCC_WARN_UNDECLARED_SELECTOR = YES;
				GCC_WARN_UNINITIALIZED_AUTOS = YES_AGGRESSIVE;
				GCC_WARN_UNUSED_FUNCTION = YES;
				GCC_WARN_UNUSED_VARIABLE = YES;
				IPHONEOS_DEPLOYMENT_TARGET = 17.5;
				LOCALIZATION_PREFERS_STRING_CATALOGS = YES;
				MTL_ENABLE_DEBUG_INFO = NO;
				MTL_FAST_MATH = YES;
				SDKROOT = iphoneos;
				SWIFT_COMPILATION_MODE = wholemodule;
				VALIDATE_PRODUCT = YES;
			};
			name = Release;
		};
		E9CAE30E2C2961BE0069C5AD /* Debug */ = {
			isa = XCBuildConfiguration;
			buildSettings = {
				ASSETCATALOG_COMPILER_APPICON_NAME = AppIcon;
				ASSETCATALOG_COMPILER_GLOBAL_ACCENT_COLOR_NAME = AccentColor;
				CODE_SIGN_STYLE = Automatic;
				CURRENT_PROJECT_VERSION = 1;
				DEVELOPMENT_TEAM = 49WDFYQB3F;
				ENABLE_PREVIEWS = NO;
				GENERATE_INFOPLIST_FILE = YES;
				INFOPLIST_KEY_UIApplicationSceneManifest_Generation = YES;
				INFOPLIST_KEY_UIApplicationSupportsIndirectInputEvents = YES;
				INFOPLIST_KEY_UILaunchScreen_Generation = YES;
				INFOPLIST_KEY_UISupportedInterfaceOrientations_iPad = "UIInterfaceOrientationPortrait UIInterfaceOrientationPortraitUpsideDown UIInterfaceOrientationLandscapeLeft UIInterfaceOrientationLandscapeRight";
				INFOPLIST_KEY_UISupportedInterfaceOrientations_iPhone = "UIInterfaceOrientationPortrait UIInterfaceOrientationLandscapeLeft UIInterfaceOrientationLandscapeRight";
				IPHONEOS_DEPLOYMENT_TARGET = 17.0;
				LD_RUNPATH_SEARCH_PATHS = (
					"$(inherited)",
					"@executable_path/Frameworks",
				);
				MARKETING_VERSION = 1.0;
				PRODUCT_BUNDLE_IDENTIFIER = ru.litres.NewsApp;
				PRODUCT_NAME = "$(TARGET_NAME)";
				SUPPORTED_PLATFORMS = "iphoneos iphonesimulator";
				SUPPORTS_MACCATALYST = NO;
				SUPPORTS_MAC_DESIGNED_FOR_IPHONE_IPAD = NO;
				SUPPORTS_XR_DESIGNED_FOR_IPHONE_IPAD = NO;
				SWIFT_EMIT_LOC_STRINGS = YES;
				SWIFT_VERSION = 5.0;
				TARGETED_DEVICE_FAMILY = "1,2";
			};
			name = Debug;
		};
		E9CAE30F2C2961BE0069C5AD /* Release */ = {
			isa = XCBuildConfiguration;
			buildSettings = {
				ASSETCATALOG_COMPILER_APPICON_NAME = AppIcon;
				ASSETCATALOG_COMPILER_GLOBAL_ACCENT_COLOR_NAME = AccentColor;
				CODE_SIGN_STYLE = Automatic;
				CURRENT_PROJECT_VERSION = 1;
				DEVELOPMENT_TEAM = 49WDFYQB3F;
				ENABLE_PREVIEWS = NO;
				GENERATE_INFOPLIST_FILE = YES;
				INFOPLIST_KEY_UIApplicationSceneManifest_Generation = YES;
				INFOPLIST_KEY_UIApplicationSupportsIndirectInputEvents = YES;
				INFOPLIST_KEY_UILaunchScreen_Generation = YES;
				INFOPLIST_KEY_UISupportedInterfaceOrientations_iPad = "UIInterfaceOrientationPortrait UIInterfaceOrientationPortraitUpsideDown UIInterfaceOrientationLandscapeLeft UIInterfaceOrientationLandscapeRight";
				INFOPLIST_KEY_UISupportedInterfaceOrientations_iPhone = "UIInterfaceOrientationPortrait UIInterfaceOrientationLandscapeLeft UIInterfaceOrientationLandscapeRight";
				IPHONEOS_DEPLOYMENT_TARGET = 17.0;
				LD_RUNPATH_SEARCH_PATHS = (
					"$(inherited)",
					"@executable_path/Frameworks",
				);
				MARKETING_VERSION = 1.0;
				PRODUCT_BUNDLE_IDENTIFIER = ru.litres.NewsApp;
				PRODUCT_NAME = "$(TARGET_NAME)";
				SUPPORTED_PLATFORMS = "iphoneos iphonesimulator";
				SUPPORTS_MACCATALYST = NO;
				SUPPORTS_MAC_DESIGNED_FOR_IPHONE_IPAD = NO;
				SUPPORTS_XR_DESIGNED_FOR_IPHONE_IPAD = NO;
				SWIFT_EMIT_LOC_STRINGS = YES;
				SWIFT_VERSION = 5.0;
				TARGETED_DEVICE_FAMILY = "1,2";
			};
			name = Release;
		};
/* End XCBuildConfiguration section */

/* Begin XCConfigurationList section */
		E9CAE2FA2C2961BD0069C5AD /* Build configuration list for PBXProject "NewsApp" */ = {
			isa = XCConfigurationList;
			buildConfigurations = (
				E9CAE30B2C2961BE0069C5AD /* Debug */,
				E9CAE30C2C2961BE0069C5AD /* Release */,
			);
			defaultConfigurationIsVisible = 0;
			defaultConfigurationName = Release;
		};
		E9CAE30D2C2961BE0069C5AD /* Build configuration list for PBXNativeTarget "NewsApp" */ = {
			isa = XCConfigurationList;
			buildConfigurations = (
				E9CAE30E2C2961BE0069C5AD /* Debug */,
				E9CAE30F2C2961BE0069C5AD /* Release */,
			);
			defaultConfigurationIsVisible = 0;
			defaultConfigurationName = Release;
		};
/* End XCConfigurationList section */
	};
	rootObject = E9CAE2F72C2961BD0069C5AD /* Project object */;
}
